// !$*UTF8*$!
{
	archiveVersion = 1;
	classes = {
	};
	objectVersion = 46;
	objects = {

/* Begin PBXBuildFile section */
		4DF998AB190D8BE40065F8D7 /* Foundation.framework in Frameworks */ = {isa = PBXBuildFile; fileRef = 4DF998AA190D8BE40065F8D7 /* Foundation.framework */; };
		4DF998AD190D8BE40065F8D7 /* CoreGraphics.framework in Frameworks */ = {isa = PBXBuildFile; fileRef = 4DF998AC190D8BE40065F8D7 /* CoreGraphics.framework */; };
		4DF998AF190D8BE40065F8D7 /* UIKit.framework in Frameworks */ = {isa = PBXBuildFile; fileRef = 4DF998AE190D8BE40065F8D7 /* UIKit.framework */; };
		4DF998B1190D8BE40065F8D7 /* CoreData.framework in Frameworks */ = {isa = PBXBuildFile; fileRef = 4DF998B0190D8BE40065F8D7 /* CoreData.framework */; };
		4DF998B7190D8BE40065F8D7 /* InfoPlist.strings in Resources */ = {isa = PBXBuildFile; fileRef = 4DF998B5190D8BE40065F8D7 /* InfoPlist.strings */; };
		4DF998B9190D8BE40065F8D7 /* main.m in Sources */ = {isa = PBXBuildFile; fileRef = 4DF998B8190D8BE40065F8D7 /* main.m */; };
		4DF998BD190D8BE40065F8D7 /* TSAppDelegate.m in Sources */ = {isa = PBXBuildFile; fileRef = 4DF998BC190D8BE40065F8D7 /* TSAppDelegate.m */; };
		4DF998C0190D8BE40065F8D7 /* TouchSurvey.xcdatamodeld in Sources */ = {isa = PBXBuildFile; fileRef = 4DF998BE190D8BE40065F8D7 /* TouchSurvey.xcdatamodeld */; };
		4DF998C2190D8BE40065F8D7 /* Images.xcassets in Resources */ = {isa = PBXBuildFile; fileRef = 4DF998C1190D8BE40065F8D7 /* Images.xcassets */; };
		4DF998C9190D8BE40065F8D7 /* XCTest.framework in Frameworks */ = {isa = PBXBuildFile; fileRef = 4DF998C8190D8BE40065F8D7 /* XCTest.framework */; };
		4DF998CA190D8BE40065F8D7 /* Foundation.framework in Frameworks */ = {isa = PBXBuildFile; fileRef = 4DF998AA190D8BE40065F8D7 /* Foundation.framework */; };
		4DF998CB190D8BE40065F8D7 /* UIKit.framework in Frameworks */ = {isa = PBXBuildFile; fileRef = 4DF998AE190D8BE40065F8D7 /* UIKit.framework */; };
		4DF998CC190D8BE40065F8D7 /* CoreData.framework in Frameworks */ = {isa = PBXBuildFile; fileRef = 4DF998B0190D8BE40065F8D7 /* CoreData.framework */; };
		4DF998D4190D8BE40065F8D7 /* InfoPlist.strings in Resources */ = {isa = PBXBuildFile; fileRef = 4DF998D2190D8BE40065F8D7 /* InfoPlist.strings */; };
		4DF998D6190D8BE40065F8D7 /* TouchSurveyTests.m in Sources */ = {isa = PBXBuildFile; fileRef = 4DF998D5190D8BE40065F8D7 /* TouchSurveyTests.m */; };
/* End PBXBuildFile section */

/* Begin PBXContainerItemProxy section */
		4DF998CD190D8BE40065F8D7 /* PBXContainerItemProxy */ = {
			isa = PBXContainerItemProxy;
			containerPortal = 4DF9989F190D8BE40065F8D7 /* Project object */;
			proxyType = 1;
			remoteGlobalIDString = 4DF998A6190D8BE40065F8D7;
			remoteInfo = TouchSurvey;
		};
/* End PBXContainerItemProxy section */

/* Begin PBXFileReference section */
		4DF998A7190D8BE40065F8D7 /* TouchSurvey.app */ = {isa = PBXFileReference; explicitFileType = wrapper.application; includeInIndex = 0; path = TouchSurvey.app; sourceTree = BUILT_PRODUCTS_DIR; };
		4DF998AA190D8BE40065F8D7 /* Foundation.framework */ = {isa = PBXFileReference; lastKnownFileType = wrapper.framework; name = Foundation.framework; path = System/Library/Frameworks/Foundation.framework; sourceTree = SDKROOT; };
		4DF998AC190D8BE40065F8D7 /* CoreGraphics.framework */ = {isa = PBXFileReference; lastKnownFileType = wrapper.framework; name = CoreGraphics.framework; path = System/Library/Frameworks/CoreGraphics.framework; sourceTree = SDKROOT; };
		4DF998AE190D8BE40065F8D7 /* UIKit.framework */ = {isa = PBXFileReference; lastKnownFileType = wrapper.framework; name = UIKit.framework; path = System/Library/Frameworks/UIKit.framework; sourceTree = SDKROOT; };
		4DF998B0190D8BE40065F8D7 /* CoreData.framework */ = {isa = PBXFileReference; lastKnownFileType = wrapper.framework; name = CoreData.framework; path = System/Library/Frameworks/CoreData.framework; sourceTree = SDKROOT; };
		4DF998B4190D8BE40065F8D7 /* TouchSurvey-Info.plist */ = {isa = PBXFileReference; lastKnownFileType = text.plist.xml; path = "TouchSurvey-Info.plist"; sourceTree = "<group>"; };
		4DF998B6190D8BE40065F8D7 /* en */ = {isa = PBXFileReference; lastKnownFileType = text.plist.strings; name = en; path = en.lproj/InfoPlist.strings; sourceTree = "<group>"; };
		4DF998B8190D8BE40065F8D7 /* main.m */ = {isa = PBXFileReference; lastKnownFileType = sourcecode.c.objc; path = main.m; sourceTree = "<group>"; };
		4DF998BA190D8BE40065F8D7 /* TouchSurvey-Prefix.pch */ = {isa = PBXFileReference; lastKnownFileType = sourcecode.c.h; path = "TouchSurvey-Prefix.pch"; sourceTree = "<group>"; };
		4DF998BB190D8BE40065F8D7 /* TSAppDelegate.h */ = {isa = PBXFileReference; lastKnownFileType = sourcecode.c.h; path = TSAppDelegate.h; sourceTree = "<group>"; };
		4DF998BC190D8BE40065F8D7 /* TSAppDelegate.m */ = {isa = PBXFileReference; lastKnownFileType = sourcecode.c.objc; path = TSAppDelegate.m; sourceTree = "<group>"; };
		4DF998BF190D8BE40065F8D7 /* TouchSurvey.xcdatamodel */ = {isa = PBXFileReference; lastKnownFileType = wrapper.xcdatamodel; path = TouchSurvey.xcdatamodel; sourceTree = "<group>"; };
		4DF998C1190D8BE40065F8D7 /* Images.xcassets */ = {isa = PBXFileReference; lastKnownFileType = folder.assetcatalog; path = Images.xcassets; sourceTree = "<group>"; };
		4DF998C7190D8BE40065F8D7 /* TouchSurveyTests.xctest */ = {isa = PBXFileReference; explicitFileType = wrapper.cfbundle; includeInIndex = 0; path = TouchSurveyTests.xctest; sourceTree = BUILT_PRODUCTS_DIR; };
		4DF998C8190D8BE40065F8D7 /* XCTest.framework */ = {isa = PBXFileReference; lastKnownFileType = wrapper.framework; name = XCTest.framework; path = Library/Frameworks/XCTest.framework; sourceTree = DEVELOPER_DIR; };
		4DF998D1190D8BE40065F8D7 /* TouchSurveyTests-Info.plist */ = {isa = PBXFileReference; lastKnownFileType = text.plist.xml; path = "TouchSurveyTests-Info.plist"; sourceTree = "<group>"; };
		4DF998D3190D8BE40065F8D7 /* en */ = {isa = PBXFileReference; lastKnownFileType = text.plist.strings; name = en; path = en.lproj/InfoPlist.strings; sourceTree = "<group>"; };
		4DF998D5190D8BE40065F8D7 /* TouchSurveyTests.m */ = {isa = PBXFileReference; lastKnownFileType = sourcecode.c.objc; path = TouchSurveyTests.m; sourceTree = "<group>"; };
/* End PBXFileReference section */

/* Begin PBXFrameworksBuildPhase section */
		4DF998A4190D8BE40065F8D7 /* Frameworks */ = {
			isa = PBXFrameworksBuildPhase;
			buildActionMask = 2147483647;
			files = (
				4DF998AD190D8BE40065F8D7 /* CoreGraphics.framework in Frameworks */,
				4DF998B1190D8BE40065F8D7 /* CoreData.framework in Frameworks */,
				4DF998AF190D8BE40065F8D7 /* UIKit.framework in Frameworks */,
				4DF998AB190D8BE40065F8D7 /* Foundation.framework in Frameworks */,
			);
			runOnlyForDeploymentPostprocessing = 0;
		};
		4DF998C4190D8BE40065F8D7 /* Frameworks */ = {
			isa = PBXFrameworksBuildPhase;
			buildActionMask = 2147483647;
			files = (
				4DF998C9190D8BE40065F8D7 /* XCTest.framework in Frameworks */,
				4DF998CC190D8BE40065F8D7 /* CoreData.framework in Frameworks */,
				4DF998CB190D8BE40065F8D7 /* UIKit.framework in Frameworks */,
				4DF998CA190D8BE40065F8D7 /* Foundation.framework in Frameworks */,
			);
			runOnlyForDeploymentPostprocessing = 0;
		};
/* End PBXFrameworksBuildPhase section */

/* Begin PBXGroup section */
		4DF9989E190D8BE40065F8D7 = {
			isa = PBXGroup;
			children = (
				4DF998B2190D8BE40065F8D7 /* TouchSurvey */,
				4DF998CF190D8BE40065F8D7 /* TouchSurveyTests */,
				4DF998A9190D8BE40065F8D7 /* Frameworks */,
				4DF998A8190D8BE40065F8D7 /* Products */,
			);
			sourceTree = "<group>";
		};
		4DF998A8190D8BE40065F8D7 /* Products */ = {
			isa = PBXGroup;
			children = (
				4DF998A7190D8BE40065F8D7 /* TouchSurvey.app */,
				4DF998C7190D8BE40065F8D7 /* TouchSurveyTests.xctest */,
			);
			name = Products;
			sourceTree = "<group>";
		};
		4DF998A9190D8BE40065F8D7 /* Frameworks */ = {
			isa = PBXGroup;
			children = (
				4DF998AA190D8BE40065F8D7 /* Foundation.framework */,
				4DF998AC190D8BE40065F8D7 /* CoreGraphics.framework */,
				4DF998AE190D8BE40065F8D7 /* UIKit.framework */,
				4DF998B0190D8BE40065F8D7 /* CoreData.framework */,
				4DF998C8190D8BE40065F8D7 /* XCTest.framework */,
			);
			name = Frameworks;
			sourceTree = "<group>";
		};
		4DF998B2190D8BE40065F8D7 /* TouchSurvey */ = {
			isa = PBXGroup;
			children = (
				4DF998BB190D8BE40065F8D7 /* TSAppDelegate.h */,
				4DF998BC190D8BE40065F8D7 /* TSAppDelegate.m */,
				4DF998C1190D8BE40065F8D7 /* Images.xcassets */,
				4DF998BE190D8BE40065F8D7 /* TouchSurvey.xcdatamodeld */,
				4DF998B3190D8BE40065F8D7 /* Supporting Files */,
			);
			path = TouchSurvey;
			sourceTree = "<group>";
		};
		4DF998B3190D8BE40065F8D7 /* Supporting Files */ = {
			isa = PBXGroup;
			children = (
				4DF998B4190D8BE40065F8D7 /* TouchSurvey-Info.plist */,
				4DF998B5190D8BE40065F8D7 /* InfoPlist.strings */,
				4DF998B8190D8BE40065F8D7 /* main.m */,
				4DF998BA190D8BE40065F8D7 /* TouchSurvey-Prefix.pch */,
			);
			name = "Supporting Files";
			sourceTree = "<group>";
		};
		4DF998CF190D8BE40065F8D7 /* TouchSurveyTests */ = {
			isa = PBXGroup;
			children = (
				4DF998D5190D8BE40065F8D7 /* TouchSurveyTests.m */,
				4DF998D0190D8BE40065F8D7 /* Supporting Files */,
			);
			path = TouchSurveyTests;
			sourceTree = "<group>";
		};
		4DF998D0190D8BE40065F8D7 /* Supporting Files */ = {
			isa = PBXGroup;
			children = (
				4DF998D1190D8BE40065F8D7 /* TouchSurveyTests-Info.plist */,
				4DF998D2190D8BE40065F8D7 /* InfoPlist.strings */,
			);
			name = "Supporting Files";
			sourceTree = "<group>";
		};
/* End PBXGroup section */

/* Begin PBXNativeTarget section */
		4DF998A6190D8BE40065F8D7 /* TouchSurvey */ = {
			isa = PBXNativeTarget;
			buildConfigurationList = 4DF998D9190D8BE40065F8D7 /* Build configuration list for PBXNativeTarget "TouchSurvey" */;
			buildPhases = (
				4DF998A3190D8BE40065F8D7 /* Sources */,
				4DF998A4190D8BE40065F8D7 /* Frameworks */,
				4DF998A5190D8BE40065F8D7 /* Resources */,
			);
			buildRules = (
			);
			dependencies = (
			);
			name = TouchSurvey;
			productName = TouchSurvey;
			productReference = 4DF998A7190D8BE40065F8D7 /* TouchSurvey.app */;
			productType = "com.apple.product-type.application";
		};
		4DF998C6190D8BE40065F8D7 /* TouchSurveyTests */ = {
			isa = PBXNativeTarget;
			buildConfigurationList = 4DF998DC190D8BE40065F8D7 /* Build configuration list for PBXNativeTarget "TouchSurveyTests" */;
			buildPhases = (
				4DF998C3190D8BE40065F8D7 /* Sources */,
				4DF998C4190D8BE40065F8D7 /* Frameworks */,
				4DF998C5190D8BE40065F8D7 /* Resources */,
			);
			buildRules = (
			);
			dependencies = (
				4DF998CE190D8BE40065F8D7 /* PBXTargetDependency */,
			);
			name = TouchSurveyTests;
			productName = TouchSurveyTests;
			productReference = 4DF998C7190D8BE40065F8D7 /* TouchSurveyTests.xctest */;
			productType = "com.apple.product-type.bundle.unit-test";
		};
/* End PBXNativeTarget section */

/* Begin PBXProject section */
		4DF9989F190D8BE40065F8D7 /* Project object */ = {
			isa = PBXProject;
			attributes = {
				CLASSPREFIX = TS;
				LastUpgradeCheck = 0510;
				ORGANIZATIONNAME = BOBO;
				TargetAttributes = {
					4DF998C6190D8BE40065F8D7 = {
						TestTargetID = 4DF998A6190D8BE40065F8D7;
					};
				};
			};
			buildConfigurationList = 4DF998A2190D8BE40065F8D7 /* Build configuration list for PBXProject "TouchSurvey" */;
			compatibilityVersion = "Xcode 3.2";
			developmentRegion = English;
			hasScannedForEncodings = 0;
			knownRegions = (
				en,
			);
			mainGroup = 4DF9989E190D8BE40065F8D7;
			productRefGroup = 4DF998A8190D8BE40065F8D7 /* Products */;
			projectDirPath = "";
			projectRoot = "";
			targets = (
				4DF998A6190D8BE40065F8D7 /* TouchSurvey */,
				4DF998C6190D8BE40065F8D7 /* TouchSurveyTests */,
			);
		};
/* End PBXProject section */

/* Begin PBXResourcesBuildPhase section */
		4DF998A5190D8BE40065F8D7 /* Resources */ = {
			isa = PBXResourcesBuildPhase;
			buildActionMask = 2147483647;
			files = (
				4DF998B7190D8BE40065F8D7 /* InfoPlist.strings in Resources */,
				4DF998C2190D8BE40065F8D7 /* Images.xcassets in Resources */,
			);
			runOnlyForDeploymentPostprocessing = 0;
		};
		4DF998C5190D8BE40065F8D7 /* Resources */ = {
			isa = PBXResourcesBuildPhase;
			buildActionMask = 2147483647;
			files = (
				4DF998D4190D8BE40065F8D7 /* InfoPlist.strings in Resources */,
			);
			runOnlyForDeploymentPostprocessing = 0;
		};
/* End PBXResourcesBuildPhase section */

/* Begin PBXSourcesBuildPhase section */
		4DF998A3190D8BE40065F8D7 /* Sources */ = {
			isa = PBXSourcesBuildPhase;
			buildActionMask = 2147483647;
			files = (
				4DF998C0190D8BE40065F8D7 /* TouchSurvey.xcdatamodeld in Sources */,
				4DF998B9190D8BE40065F8D7 /* main.m in Sources */,
				4DF998BD190D8BE40065F8D7 /* TSAppDelegate.m in Sources */,
			);
			runOnlyForDeploymentPostprocessing = 0;
		};
		4DF998C3190D8BE40065F8D7 /* Sources */ = {
			isa = PBXSourcesBuildPhase;
			buildActionMask = 2147483647;
			files = (
				4DF998D6190D8BE40065F8D7 /* TouchSurveyTests.m in Sources */,
			);
			runOnlyForDeploymentPostprocessing = 0;
		};
/* End PBXSourcesBuildPhase section */

/* Begin PBXTargetDependency section */
		4DF998CE190D8BE40065F8D7 /* PBXTargetDependency */ = {
			isa = PBXTargetDependency;
			target = 4DF998A6190D8BE40065F8D7 /* TouchSurvey */;
			targetProxy = 4DF998CD190D8BE40065F8D7 /* PBXContainerItemProxy */;
		};
/* End PBXTargetDependency section */

/* Begin PBXVariantGroup section */
		4DF998B5190D8BE40065F8D7 /* InfoPlist.strings */ = {
			isa = PBXVariantGroup;
			children = (
				4DF998B6190D8BE40065F8D7 /* en */,
			);
			name = InfoPlist.strings;
			sourceTree = "<group>";
		};
		4DF998D2190D8BE40065F8D7 /* InfoPlist.strings */ = {
			isa = PBXVariantGroup;
			children = (
				4DF998D3190D8BE40065F8D7 /* en */,
			);
			name = InfoPlist.strings;
			sourceTree = "<group>";
		};
/* End PBXVariantGroup section */

/* Begin XCBuildConfiguration section */
		4DF998D7190D8BE40065F8D7 /* Debug */ = {
			isa = XCBuildConfiguration;
			buildSettings = {
				ALWAYS_SEARCH_USER_PATHS = NO;
				CLANG_CXX_LANGUAGE_STANDARD = "gnu++0x";
				CLANG_CXX_LIBRARY = "libc++";
				CLANG_ENABLE_MODULES = YES;
				CLANG_ENABLE_OBJC_ARC = YES;
				CLANG_WARN_BOOL_CONVERSION = YES;
				CLANG_WARN_CONSTANT_CONVERSION = YES;
				CLANG_WARN_DIRECT_OBJC_ISA_USAGE = YES_ERROR;
				CLANG_WARN_EMPTY_BODY = YES;
				CLANG_WARN_ENUM_CONVERSION = YES;
				CLANG_WARN_INT_CONVERSION = YES;
				CLANG_WARN_OBJC_ROOT_CLASS = YES_ERROR;
				CLANG_WARN__DUPLICATE_METHOD_MATCH = YES;
				"CODE_SIGN_IDENTITY[sdk=iphoneos*]" = "iPhone Developer";
				COPY_PHASE_STRIP = NO;
				GCC_C_LANGUAGE_STANDARD = gnu99;
				GCC_DYNAMIC_NO_PIC = NO;
				GCC_OPTIMIZATION_LEVEL = 0;
				GCC_PREPROCESSOR_DEFINITIONS = (
					"DEBUG=1",
					"$(inherited)",
				);
				GCC_SYMBOLS_PRIVATE_EXTERN = NO;
				GCC_WARN_64_TO_32_BIT_CONVERSION = YES;
				GCC_WARN_ABOUT_RETURN_TYPE = YES_ERROR;
				GCC_WARN_UNDECLARED_SELECTOR = YES;
				GCC_WARN_UNINITIALIZED_AUTOS = YES_AGGRESSIVE;
				GCC_WARN_UNUSED_FUNCTION = YES;
				GCC_WARN_UNUSED_VARIABLE = YES;
				IPHONEOS_DEPLOYMENT_TARGET = 7.1;
				ONLY_ACTIVE_ARCH = YES;
				SDKROOT = iphoneos;
			};
			name = Debug;
		};
		4DF998D8190D8BE40065F8D7 /* Release */ = {
			isa = XCBuildConfiguration;
			buildSettings = {
				ALWAYS_SEARCH_USER_PATHS = NO;
				CLANG_CXX_LANGUAGE_STANDARD = "gnu++0x";
				CLANG_CXX_LIBRARY = "libc++";
				CLANG_ENABLE_MODULES = YES;
				CLANG_ENABLE_OBJC_ARC = YES;
				CLANG_WARN_BOOL_CONVERSION = YES;
				CLANG_WARN_CONSTANT_CONVERSION = YES;
				CLANG_WARN_DIRECT_OBJC_ISA_USAGE = YES_ERROR;
				CLANG_WARN_EMPTY_BODY = YES;
				CLANG_WARN_ENUM_CONVERSION = YES;
				CLANG_WARN_INT_CONVERSION = YES;
				CLANG_WARN_OBJC_ROOT_CLASS = YES_ERROR;
				CLANG_WARN__DUPLICATE_METHOD_MATCH = YES;
				"CODE_SIGN_IDENTITY[sdk=iphoneos*]" = "iPhone Developer";
				COPY_PHASE_STRIP = YES;
				ENABLE_NS_ASSERTIONS = NO;
				GCC_C_LANGUAGE_STANDARD = gnu99;
				GCC_WARN_64_TO_32_BIT_CONVERSION = YES;
				GCC_WARN_ABOUT_RETURN_TYPE = YES_ERROR;
				GCC_WARN_UNDECLARED_SELECTOR = YES;
				GCC_WARN_UNINITIALIZED_AUTOS = YES_AGGRESSIVE;
				GCC_WARN_UNUSED_FUNCTION = YES;
				GCC_WARN_UNUSED_VARIABLE = YES;
				IPHONEOS_DEPLOYMENT_TARGET = 7.1;
				SDKROOT = iphoneos;
				VALIDATE_PRODUCT = YES;
			};
			name = Release;
		};
		4DF998DA190D8BE40065F8D7 /* Debug */ = {
			isa = XCBuildConfiguration;
			buildSettings = {
				ASSETCATALOG_COMPILER_APPICON_NAME = AppIcon;
				ASSETCATALOG_COMPILER_LAUNCHIMAGE_NAME = LaunchImage;
				GCC_PRECOMPILE_PREFIX_HEADER = YES;
				GCC_PREFIX_HEADER = "TouchSurvey/TouchSurvey-Prefix.pch";
				INFOPLIST_FILE = "TouchSurvey/TouchSurvey-Info.plist";
				PRODUCT_NAME = "$(TARGET_NAME)";
				WRAPPER_EXTENSION = app;
			};
			name = Debug;
		};
		4DF998DB190D8BE40065F8D7 /* Release */ = {
			isa = XCBuildConfiguration;
			buildSettings = {
				ASSETCATALOG_COMPILER_APPICON_NAME = AppIcon;
				ASSETCATALOG_COMPILER_LAUNCHIMAGE_NAME = LaunchImage;
				GCC_PRECOMPILE_PREFIX_HEADER = YES;
				GCC_PREFIX_HEADER = "TouchSurvey/TouchSurvey-Prefix.pch";
				INFOPLIST_FILE = "TouchSurvey/TouchSurvey-Info.plist";
				PRODUCT_NAME = "$(TARGET_NAME)";
				WRAPPER_EXTENSION = app;
			};
			name = Release;
		};
		4DF998DD190D8BE40065F8D7 /* Debug */ = {
			isa = XCBuildConfiguration;
			buildSettings = {
				BUNDLE_LOADER = "$(BUILT_PRODUCTS_DIR)/TouchSurvey.app/TouchSurvey";
				FRAMEWORK_SEARCH_PATHS = (
					"$(SDKROOT)/Developer/Library/Frameworks",
					"$(inherited)",
					"$(DEVELOPER_FRAMEWORKS_DIR)",
				);
				GCC_PRECOMPILE_PREFIX_HEADER = YES;
				GCC_PREFIX_HEADER = "TouchSurvey/TouchSurvey-Prefix.pch";
				GCC_PREPROCESSOR_DEFINITIONS = (
					"DEBUG=1",
					"$(inherited)",
				);
				INFOPLIST_FILE = "TouchSurveyTests/TouchSurveyTests-Info.plist";
				PRODUCT_NAME = "$(TARGET_NAME)";
				TEST_HOST = "$(BUNDLE_LOADER)";
				WRAPPER_EXTENSION = xctest;
			};
			name = Debug;
		};
		4DF998DE190D8BE40065F8D7 /* Release */ = {
			isa = XCBuildConfiguration;
			buildSettings = {
				BUNDLE_LOADER = "$(BUILT_PRODUCTS_DIR)/TouchSurvey.app/TouchSurvey";
				FRAMEWORK_SEARCH_PATHS = (
					"$(SDKROOT)/Developer/Library/Frameworks",
					"$(inherited)",
					"$(DEVELOPER_FRAMEWORKS_DIR)",
				);
				GCC_PRECOMPILE_PREFIX_HEADER = YES;
				GCC_PREFIX_HEADER = "TouchSurvey/TouchSurvey-Prefix.pch";
				INFOPLIST_FILE = "TouchSurveyTests/TouchSurveyTests-Info.plist";
				PRODUCT_NAME = "$(TARGET_NAME)";
				TEST_HOST = "$(BUNDLE_LOADER)";
				WRAPPER_EXTENSION = xctest;
			};
			name = Release;
		};
/* End XCBuildConfiguration section */

/* Begin XCConfigurationList section */
		4DF998A2190D8BE40065F8D7 /* Build configuration list for PBXProject "TouchSurvey" */ = {
			isa = XCConfigurationList;
			buildConfigurations = (
				4DF998D7190D8BE40065F8D7 /* Debug */,
				4DF998D8190D8BE40065F8D7 /* Release */,
			);
			defaultConfigurationIsVisible = 0;
			defaultConfigurationName = Release;
		};
		4DF998D9190D8BE40065F8D7 /* Build configuration list for PBXNativeTarget "TouchSurvey" */ = {
			isa = XCConfigurationList;
			buildConfigurations = (
				4DF998DA190D8BE40065F8D7 /* Debug */,
				4DF998DB190D8BE40065F8D7 /* Release */,
			);
			defaultConfigurationIsVisible = 0;
		};
		4DF998DC190D8BE40065F8D7 /* Build configuration list for PBXNativeTarget "TouchSurveyTests" */ = {
			isa = XCConfigurationList;
			buildConfigurations = (
				4DF998DD190D8BE40065F8D7 /* Debug */,
				4DF998DE190D8BE40065F8D7 /* Release */,
			);
			defaultConfigurationIsVisible = 0;
		};
/* End XCConfigurationList section */

/* Begin XCVersionGroup section */
		4DF998BE190D8BE40065F8D7 /* TouchSurvey.xcdatamodeld */ = {
			isa = XCVersionGroup;
			children = (
				4DF998BF190D8BE40065F8D7 /* TouchSurvey.xcdatamodel */,
			);
			currentVersion = 4DF998BF190D8BE40065F8D7 /* TouchSurvey.xcdatamodel */;
			path = TouchSurvey.xcdatamodeld;
			sourceTree = "<group>";
			versionGroupType = wrapper.xcdatamodel;
		};
/* End XCVersionGroup section */
	};
	rootObject = 4DF9989F190D8BE40065F8D7 /* Project object */;
}
